
Microsoft Visual Studio Solution File, Format Version 12.00
# Visual Studio Version 16
VisualStudioVersion = 16.0.31005.135
MinimumVisualStudioVersion = 10.0.40219.1
Project("{9A19103F-16F7-4668-BE54-9A1E7A4F7556}") = "BidApp.DataL", "BidApp.DataL\BidApp.DataL.csproj", "{ABFFBC8B-2417-4276-9BEA-886E39A9C04D}"
EndProject
Project("{9A19103F-16F7-4668-BE54-9A1E7A4F7556}") = "BidApp.Entities", "BidApp.Entities\BidApp.Entities.csproj", "{C390C49E-457F-416D-9B6B-E448787F0C2D}"
EndProject
Project("{9A19103F-16F7-4668-BE54-9A1E7A4F7556}") = "BidApp.Service", "BidApp.Service\BidApp.Service.csproj", "{4D0A205A-68B5-4ADE-9EDB-B9A633FA73BB}"
EndProject
Project("{9A19103F-16F7-4668-BE54-9A1E7A4F7556}") = "BidApp.WebApi", "BidApp.WebApi\BidApp.WebApi.csproj", "{589C5C19-6733-4C05-AFA0-6ACB36B9D803}"
EndProject
Project("{9A19103F-16F7-4668-BE54-9A1E7A4F7556}") = "BidApp.Service.Test", "BidApp.Service.Test\BidApp.Service.Test.csproj", "{835EEB17-F61D-4935-8846-25FB6B4DB3B1}"
EndProject
Global
	GlobalSection(SolutionConfigurationPlatforms) = preSolution
		Debug|Any CPU = Debug|Any CPU
		Release|Any CPU = Release|Any CPU
	EndGlobalSection
	GlobalSection(ProjectConfigurationPlatforms) = postSolution
		{ABFFBC8B-2417-4276-9BEA-886E39A9C04D}.Debug|Any CPU.ActiveCfg = Debug|Any CPU
		{ABFFBC8B-2417-4276-9BEA-886E39A9C04D}.Debug|Any CPU.Build.0 = Debug|Any CPU
		{ABFFBC8B-2417-4276-9BEA-886E39A9C04D}.Release|Any CPU.ActiveCfg = Release|Any CPU
		{ABFFBC8B-2417-4276-9BEA-886E39A9C04D}.Release|Any CPU.Build.0 = Release|Any CPU
		{C390C49E-457F-416D-9B6B-E448787F0C2D}.Debug|Any CPU.ActiveCfg = Debug|Any CPU
		{C390C49E-457F-416D-9B6B-E448787F0C2D}.Debug|Any CPU.Build.0 = Debug|Any CPU
		{C390C49E-457F-416D-9B6B-E448787F0C2D}.Release|Any CPU.ActiveCfg = Release|Any CPU
		{C390C49E-457F-416D-9B6B-E448787F0C2D}.Release|Any CPU.Build.0 = Release|Any CPU
		{4D0A205A-68B5-4ADE-9EDB-B9A633FA73BB}.Debug|Any CPU.ActiveCfg = Debug|Any CPU
		{4D0A205A-68B5-4ADE-9EDB-B9A633FA73BB}.Debug|Any CPU.Build.0 = Debug|Any CPU
		{4D0A205A-68B5-4ADE-9EDB-B9A633FA73BB}.Release|Any CPU.ActiveCfg = Release|Any CPU
		{4D0A205A-68B5-4ADE-9EDB-B9A633FA73BB}.Release|Any CPU.Build.0 = Release|Any CPU
		{589C5C19-6733-4C05-AFA0-6ACB36B9D803}.Debug|Any CPU.ActiveCfg = Debug|Any CPU
		{589C5C19-6733-4C05-AFA0-6ACB36B9D803}.Debug|Any CPU.Build.0 = Debug|Any CPU
		{589C5C19-6733-4C05-AFA0-6ACB36B9D803}.Release|Any CPU.ActiveCfg = Release|Any CPU
		{589C5C19-6733-4C05-AFA0-6ACB36B9D803}.Release|Any CPU.Build.0 = Release|Any CPU
		{835EEB17-F61D-4935-8846-25FB6B4DB3B1}.Debug|Any CPU.ActiveCfg = Debug|Any CPU
		{835EEB17-F61D-4935-8846-25FB6B4DB3B1}.Debug|Any CPU.Build.0 = Debug|Any CPU
		{835EEB17-F61D-4935-8846-25FB6B4DB3B1}.Release|Any CPU.ActiveCfg = Release|Any CPU
		{835EEB17-F61D-4935-8846-25FB6B4DB3B1}.Release|Any CPU.Build.0 = Release|Any CPU
	EndGlobalSection
	GlobalSection(SolutionProperties) = preSolution
		HideSolutionNode = FALSE
	EndGlobalSection
	GlobalSection(ExtensibilityGlobals) = postSolution
		SolutionGuid = {7F504645-5EC9-40E7-9A55-5489AC64BCD2}
	EndGlobalSection
EndGlobal
